// !$*UTF8*$!
{
	archiveVersion = 1;
	classes = {
	};
	objectVersion = 51;
	objects = {

/* Begin PBXBuildFile section */
		300A35EB247FE7430030BAE5 /* FirstLaunchViewController.swift in Sources */ = {isa = PBXBuildFile; fileRef = 300A35EA247FE7430030BAE5 /* FirstLaunchViewController.swift */; };
		3044FDEE247AFB6A00FF9A9F /* MainTableViewController.swift in Sources */ = {isa = PBXBuildFile; fileRef = 3044FDED247AFB6A00FF9A9F /* MainTableViewController.swift */; };
		3053FAE3247B081B00F96E92 /* TableViewCell.swift in Sources */ = {isa = PBXBuildFile; fileRef = 3053FAE2247B081B00F96E92 /* TableViewCell.swift */; };
		307FCBE82478245800FB1D95 /* Models.swift in Sources */ = {isa = PBXBuildFile; fileRef = 307FCBE72478245800FB1D95 /* Models.swift */; };
		308CF16C24754FD000E559D2 /* AppDelegate.swift in Sources */ = {isa = PBXBuildFile; fileRef = 308CF16B24754FD000E559D2 /* AppDelegate.swift */; };
		308CF16E24754FD000E559D2 /* SceneDelegate.swift in Sources */ = {isa = PBXBuildFile; fileRef = 308CF16D24754FD000E559D2 /* SceneDelegate.swift */; };
		308CF17324754FD000E559D2 /* Main.storyboard in Resources */ = {isa = PBXBuildFile; fileRef = 308CF17124754FD000E559D2 /* Main.storyboard */; };
		308CF17524754FD100E559D2 /* Assets.xcassets in Resources */ = {isa = PBXBuildFile; fileRef = 308CF17424754FD100E559D2 /* Assets.xcassets */; };
		308CF17824754FD100E559D2 /* LaunchScreen.storyboard in Resources */ = {isa = PBXBuildFile; fileRef = 308CF17624754FD100E559D2 /* LaunchScreen.storyboard */; };
		308CF18024754FF300E559D2 /* Networking.swift in Sources */ = {isa = PBXBuildFile; fileRef = 308CF17F24754FF300E559D2 /* Networking.swift */; };
		30B4B9FF247D0583002E8F03 /* AddViewController.swift in Sources */ = {isa = PBXBuildFile; fileRef = 30B4B9FE247D0583002E8F03 /* AddViewController.swift */; };
		30C1660C24783228006ED65E /* NetworkingCore.swift in Sources */ = {isa = PBXBuildFile; fileRef = 30C1660B24783228006ED65E /* NetworkingCore.swift */; };
		30C56B68247C4C440099F1F1 /* DetailViewController.swift in Sources */ = {isa = PBXBuildFile; fileRef = 30C56B67247C4C440099F1F1 /* DetailViewController.swift */; };
		79E115CB50B5FAC260030BCB /* Pods_BnetN.framework in Frameworks */ = {isa = PBXBuildFile; fileRef = B3C15C7F627C09AB89CBDCCF /* Pods_BnetN.framework */; };
/* End PBXBuildFile section */

/* Begin PBXFileReference section */
		300A35EA247FE7430030BAE5 /* FirstLaunchViewController.swift */ = {isa = PBXFileReference; lastKnownFileType = sourcecode.swift; path = FirstLaunchViewController.swift; sourceTree = "<group>"; };
		3044FDED247AFB6A00FF9A9F /* MainTableViewController.swift */ = {isa = PBXFileReference; lastKnownFileType = sourcecode.swift; path = MainTableViewController.swift; sourceTree = "<group>"; };
		3053FAE2247B081B00F96E92 /* TableViewCell.swift */ = {isa = PBXFileReference; lastKnownFileType = sourcecode.swift; path = TableViewCell.swift; sourceTree = "<group>"; };
		307FCBE72478245800FB1D95 /* Models.swift */ = {isa = PBXFileReference; lastKnownFileType = sourcecode.swift; path = Models.swift; sourceTree = "<group>"; };
		308CF16824754FD000E559D2 /* BnetN.app */ = {isa = PBXFileReference; explicitFileType = wrapper.application; includeInIndex = 0; path = BnetN.app; sourceTree = BUILT_PRODUCTS_DIR; };
		308CF16B24754FD000E559D2 /* AppDelegate.swift */ = {isa = PBXFileReference; lastKnownFileType = sourcecode.swift; path = AppDelegate.swift; sourceTree = "<group>"; };
		308CF16D24754FD000E559D2 /* SceneDelegate.swift */ = {isa = PBXFileReference; lastKnownFileType = sourcecode.swift; path = SceneDelegate.swift; sourceTree = "<group>"; };
		308CF17224754FD000E559D2 /* Base */ = {isa = PBXFileReference; lastKnownFileType = file.storyboard; name = Base; path = Base.lproj/Main.storyboard; sourceTree = "<group>"; };
		308CF17424754FD100E559D2 /* Assets.xcassets */ = {isa = PBXFileReference; lastKnownFileType = folder.assetcatalog; path = Assets.xcassets; sourceTree = "<group>"; };
		308CF17724754FD100E559D2 /* Base */ = {isa = PBXFileReference; lastKnownFileType = file.storyboard; name = Base; path = Base.lproj/LaunchScreen.storyboard; sourceTree = "<group>"; };
		308CF17924754FD100E559D2 /* Info.plist */ = {isa = PBXFileReference; lastKnownFileType = text.plist.xml; path = Info.plist; sourceTree = "<group>"; };
		308CF17F24754FF300E559D2 /* Networking.swift */ = {isa = PBXFileReference; lastKnownFileType = sourcecode.swift; path = Networking.swift; sourceTree = "<group>"; };
		30B4B9FE247D0583002E8F03 /* AddViewController.swift */ = {isa = PBXFileReference; lastKnownFileType = sourcecode.swift; path = AddViewController.swift; sourceTree = "<group>"; };
		30C1660B24783228006ED65E /* NetworkingCore.swift */ = {isa = PBXFileReference; lastKnownFileType = sourcecode.swift; path = NetworkingCore.swift; sourceTree = "<group>"; };
		30C56B67247C4C440099F1F1 /* DetailViewController.swift */ = {isa = PBXFileReference; lastKnownFileType = sourcecode.swift; path = DetailViewController.swift; sourceTree = "<group>"; };
		357E360E2BF2294744B98185 /* Pods-BnetN.release.xcconfig */ = {isa = PBXFileReference; includeInIndex = 1; lastKnownFileType = text.xcconfig; name = "Pods-BnetN.release.xcconfig"; path = "Target Support Files/Pods-BnetN/Pods-BnetN.release.xcconfig"; sourceTree = "<group>"; };
		5375051E63ED398919301FFA /* Pods-BnetN.debug.xcconfig */ = {isa = PBXFileReference; includeInIndex = 1; lastKnownFileType = text.xcconfig; name = "Pods-BnetN.debug.xcconfig"; path = "Target Support Files/Pods-BnetN/Pods-BnetN.debug.xcconfig"; sourceTree = "<group>"; };
		B3C15C7F627C09AB89CBDCCF /* Pods_BnetN.framework */ = {isa = PBXFileReference; explicitFileType = wrapper.framework; includeInIndex = 0; path = Pods_BnetN.framework; sourceTree = BUILT_PRODUCTS_DIR; };
/* End PBXFileReference section */

/* Begin PBXFrameworksBuildPhase section */
		308CF16524754FD000E559D2 /* Frameworks */ = {
			isa = PBXFrameworksBuildPhase;
			buildActionMask = 2147483647;
			files = (
				79E115CB50B5FAC260030BCB /* Pods_BnetN.framework in Frameworks */,
			);
			runOnlyForDeploymentPostprocessing = 0;
		};
/* End PBXFrameworksBuildPhase section */

/* Begin PBXGroup section */
		3044FDEF247AFC6100FF9A9F /* Networking */ = {
			isa = PBXGroup;
			children = (
				308CF17F24754FF300E559D2 /* Networking.swift */,
				30C1660B24783228006ED65E /* NetworkingCore.swift */,
			);
			path = Networking;
			sourceTree = "<group>";
		};
		305E38CC247CF8750000F707 /* Views */ = {
			isa = PBXGroup;
			children = (
				3044FDED247AFB6A00FF9A9F /* MainTableViewController.swift */,
				30B4B9FE247D0583002E8F03 /* AddViewController.swift */,
				30C56B67247C4C440099F1F1 /* DetailViewController.swift */,
				3053FAE2247B081B00F96E92 /* TableViewCell.swift */,
				300A35EA247FE7430030BAE5 /* FirstLaunchViewController.swift */,
			);
			path = Views;
			sourceTree = "<group>";
		};
		308CF15F24754FD000E559D2 = {
			isa = PBXGroup;
			children = (
				308CF16A24754FD000E559D2 /* BnetN */,
				308CF16924754FD000E559D2 /* Products */,
				D1D89E1F8CBAF4A5E595AB3D /* Pods */,
				D670024DB4C244E51136330F /* Frameworks */,
			);
			sourceTree = "<group>";
		};
		308CF16924754FD000E559D2 /* Products */ = {
			isa = PBXGroup;
			children = (
				308CF16824754FD000E559D2 /* BnetN.app */,
			);
			name = Products;
			sourceTree = "<group>";
		};
		308CF16A24754FD000E559D2 /* BnetN */ = {
			isa = PBXGroup;
			children = (
				308CF16B24754FD000E559D2 /* AppDelegate.swift */,
				308CF16D24754FD000E559D2 /* SceneDelegate.swift */,
				305E38CC247CF8750000F707 /* Views */,
				307FCBE72478245800FB1D95 /* Models.swift */,
				3044FDEF247AFC6100FF9A9F /* Networking */,
				308CF17124754FD000E559D2 /* Main.storyboard */,
				308CF17424754FD100E559D2 /* Assets.xcassets */,
				308CF17624754FD100E559D2 /* LaunchScreen.storyboard */,
				308CF17924754FD100E559D2 /* Info.plist */,
			);
			path = BnetN;
			sourceTree = "<group>";
		};
		D1D89E1F8CBAF4A5E595AB3D /* Pods */ = {
			isa = PBXGroup;
			children = (
				5375051E63ED398919301FFA /* Pods-BnetN.debug.xcconfig */,
				357E360E2BF2294744B98185 /* Pods-BnetN.release.xcconfig */,
			);
			path = Pods;
			sourceTree = "<group>";
		};
		D670024DB4C244E51136330F /* Frameworks */ = {
			isa = PBXGroup;
			children = (
				B3C15C7F627C09AB89CBDCCF /* Pods_BnetN.framework */,
			);
			name = Frameworks;
			sourceTree = "<group>";
		};
/* End PBXGroup section */

/* Begin PBXNativeTarget section */
		308CF16724754FD000E559D2 /* BnetN */ = {
			isa = PBXNativeTarget;
			buildConfigurationList = 308CF17C24754FD100E559D2 /* Build configuration list for PBXNativeTarget "BnetN" */;
			buildPhases = (
				F1F043ACB386DD156FF86C53 /* [CP] Check Pods Manifest.lock */,
				308CF16424754FD000E559D2 /* Sources */,
				308CF16524754FD000E559D2 /* Frameworks */,
				308CF16624754FD000E559D2 /* Resources */,
				3035137BD339F6D8BBAC3704 /* [CP] Embed Pods Frameworks */,
			);
			buildRules = (
			);
			dependencies = (
			);
			name = BnetN;
			productName = BnetN;
			productReference = 308CF16824754FD000E559D2 /* BnetN.app */;
			productType = "com.apple.product-type.application";
		};
/* End PBXNativeTarget section */

/* Begin PBXProject section */
		308CF16024754FD000E559D2 /* Project object */ = {
			isa = PBXProject;
			attributes = {
				LastSwiftUpdateCheck = 1140;
				LastUpgradeCheck = 1140;
				ORGANIZATIONNAME = "Роман";
				TargetAttributes = {
					308CF16724754FD000E559D2 = {
						CreatedOnToolsVersion = 11.4.1;
					};
				};
			};
			buildConfigurationList = 308CF16324754FD000E559D2 /* Build configuration list for PBXProject "BnetN" */;
			compatibilityVersion = "Xcode 9.3";
			developmentRegion = en;
			hasScannedForEncodings = 0;
			knownRegions = (
				en,
				Base,
			);
			mainGroup = 308CF15F24754FD000E559D2;
			productRefGroup = 308CF16924754FD000E559D2 /* Products */;
			projectDirPath = "";
			projectRoot = "";
			targets = (
				308CF16724754FD000E559D2 /* BnetN */,
			);
		};
/* End PBXProject section */

/* Begin PBXResourcesBuildPhase section */
		308CF16624754FD000E559D2 /* Resources */ = {
			isa = PBXResourcesBuildPhase;
			buildActionMask = 2147483647;
			files = (
				308CF17824754FD100E559D2 /* LaunchScreen.storyboard in Resources */,
				308CF17524754FD100E559D2 /* Assets.xcassets in Resources */,
				308CF17324754FD000E559D2 /* Main.storyboard in Resources */,
			);
			runOnlyForDeploymentPostprocessing = 0;
		};
/* End PBXResourcesBuildPhase section */

/* Begin PBXShellScriptBuildPhase section */
		3035137BD339F6D8BBAC3704 /* [CP] Embed Pods Frameworks */ = {
			isa = PBXShellScriptBuildPhase;
			buildActionMask = 2147483647;
			files = (
			);
			inputFileListPaths = (
				"${PODS_ROOT}/Target Support Files/Pods-BnetN/Pods-BnetN-frameworks-${CONFIGURATION}-input-files.xcfilelist",
			);
			name = "[CP] Embed Pods Frameworks";
			outputFileListPaths = (
				"${PODS_ROOT}/Target Support Files/Pods-BnetN/Pods-BnetN-frameworks-${CONFIGURATION}-output-files.xcfilelist",
			);
			runOnlyForDeploymentPostprocessing = 0;
			shellPath = /bin/sh;
			shellScript = "\"${PODS_ROOT}/Target Support Files/Pods-BnetN/Pods-BnetN-frameworks.sh\"\n";
			showEnvVarsInLog = 0;
		};
		F1F043ACB386DD156FF86C53 /* [CP] Check Pods Manifest.lock */ = {
			isa = PBXShellScriptBuildPhase;
			buildActionMask = 2147483647;
			files = (
			);
			inputFileListPaths = (
			);
			inputPaths = (
				"${PODS_PODFILE_DIR_PATH}/Podfile.lock",
				"${PODS_ROOT}/Manifest.lock",
			);
			name = "[CP] Check Pods Manifest.lock";
			outputFileListPaths = (
			);
			outputPaths = (
				"$(DERIVED_FILE_DIR)/Pods-BnetN-checkManifestLockResult.txt",
			);
			runOnlyForDeploymentPostprocessing = 0;
			shellPath = /bin/sh;
			shellScript = "diff \"${PODS_PODFILE_DIR_PATH}/Podfile.lock\" \"${PODS_ROOT}/Manifest.lock\" > /dev/null\nif [ $? != 0 ] ; then\n    # print error to STDERR\n    echo \"error: The sandbox is not in sync with the Podfile.lock. Run 'pod install' or update your CocoaPods installation.\" >&2\n    exit 1\nfi\n# This output is used by Xcode 'outputs' to avoid re-running this script phase.\necho \"SUCCESS\" > \"${SCRIPT_OUTPUT_FILE_0}\"\n";
			showEnvVarsInLog = 0;
		};
/* End PBXShellScriptBuildPhase section */

/* Begin PBXSourcesBuildPhase section */
		308CF16424754FD000E559D2 /* Sources */ = {
			isa = PBXSourcesBuildPhase;
			buildActionMask = 2147483647;
			files = (
				308CF16C24754FD000E559D2 /* AppDelegate.swift in Sources */,
				30C1660C24783228006ED65E /* NetworkingCore.swift in Sources */,
				30B4B9FF247D0583002E8F03 /* AddViewController.swift in Sources */,
				308CF16E24754FD000E559D2 /* SceneDelegate.swift in Sources */,
				308CF18024754FF300E559D2 /* Networking.swift in Sources */,
				307FCBE82478245800FB1D95 /* Models.swift in Sources */,
				300A35EB247FE7430030BAE5 /* FirstLaunchViewController.swift in Sources */,
				3053FAE3247B081B00F96E92 /* TableViewCell.swift in Sources */,
				3044FDEE247AFB6A00FF9A9F /* MainTableViewController.swift in Sources */,
				30C56B68247C4C440099F1F1 /* DetailViewController.swift in Sources */,
			);
			runOnlyForDeploymentPostprocessing = 0;
		};
/* End PBXSourcesBuildPhase section */

/* Begin PBXVariantGroup section */
		308CF17124754FD000E559D2 /* Main.storyboard */ = {
			isa = PBXVariantGroup;
			children = (
				308CF17224754FD000E559D2 /* Base */,
			);
			name = Main.storyboard;
			sourceTree = "<group>";
		};
		308CF17624754FD100E559D2 /* LaunchScreen.storyboard */ = {
			isa = PBXVariantGroup;
			children = (
				308CF17724754FD100E559D2 /* Base */,
			);
			name = LaunchScreen.storyboard;
			sourceTree = "<group>";
		};
/* End PBXVariantGroup section */

/* Begin XCBuildConfiguration section */
		308CF17A24754FD100E559D2 /* Debug */ = {
			isa = XCBuildConfiguration;
			buildSettings = {
				ALWAYS_SEARCH_USER_PATHS = NO;
				CLANG_ANALYZER_NONNULL = YES;
				CLANG_ANALYZER_NUMBER_OBJECT_CONVERSION = YES_AGGRESSIVE;
				CLANG_CXX_LANGUAGE_STANDARD = "gnu++14";
				CLANG_CXX_LIBRARY = "libc++";
				CLANG_ENABLE_MODULES = YES;
				CLANG_ENABLE_OBJC_ARC = YES;
				CLANG_ENABLE_OBJC_WEAK = YES;
				CLANG_WARN_BLOCK_CAPTURE_AUTORELEASING = YES;
				CLANG_WARN_BOOL_CONVERSION = YES;
				CLANG_WARN_COMMA = YES;
				CLANG_WARN_CONSTANT_CONVERSION = YES;
				CLANG_WARN_DEPRECATED_OBJC_IMPLEMENTATIONS = YES;
				CLANG_WARN_DIRECT_OBJC_ISA_USAGE = YES_ERROR;
				CLANG_WARN_DOCUMENTATION_COMMENTS = YES;
				CLANG_WARN_EMPTY_BODY = YES;
				CLANG_WARN_ENUM_CONVERSION = YES;
				CLANG_WARN_INFINITE_RECURSION = YES;
				CLANG_WARN_INT_CONVERSION = YES;
				CLANG_WARN_NON_LITERAL_NULL_CONVERSION = YES;
				CLANG_WARN_OBJC_IMPLICIT_RETAIN_SELF = YES;
				CLANG_WARN_OBJC_LITERAL_CONVERSION = YES;
				CLANG_WARN_OBJC_ROOT_CLASS = YES_ERROR;
				CLANG_WARN_RANGE_LOOP_ANALYSIS = YES;
				CLANG_WARN_STRICT_PROTOTYPES = YES;
				CLANG_WARN_SUSPICIOUS_MOVE = YES;
				CLANG_WARN_UNGUARDED_AVAILABILITY = YES_AGGRESSIVE;
				CLANG_WARN_UNREACHABLE_CODE = YES;
				CLANG_WARN__DUPLICATE_METHOD_MATCH = YES;
				COPY_PHASE_STRIP = NO;
				DEBUG_INFORMATION_FORMAT = dwarf;
				ENABLE_STRICT_OBJC_MSGSEND = YES;
				ENABLE_TESTABILITY = YES;
				GCC_C_LANGUAGE_STANDARD = gnu11;
				GCC_DYNAMIC_NO_PIC = NO;
				GCC_NO_COMMON_BLOCKS = YES;
				GCC_OPTIMIZATION_LEVEL = 0;
				GCC_PREPROCESSOR_DEFINITIONS = (
					"DEBUG=1",
					"$(inherited)",
				);
				GCC_WARN_64_TO_32_BIT_CONVERSION = YES;
				GCC_WARN_ABOUT_RETURN_TYPE = YES_ERROR;
				GCC_WARN_UNDECLARED_SELECTOR = YES;
				GCC_WARN_UNINITIALIZED_AUTOS = YES_AGGRESSIVE;
				GCC_WARN_UNUSED_FUNCTION = YES;
				GCC_WARN_UNUSED_VARIABLE = YES;
				IPHONEOS_DEPLOYMENT_TARGET = 13.4;
				MTL_ENABLE_DEBUG_INFO = INCLUDE_SOURCE;
				MTL_FAST_MATH = YES;
				ONLY_ACTIVE_ARCH = YES;
				SDKROOT = iphoneos;
				SWIFT_ACTIVE_COMPILATION_CONDITIONS = DEBUG;
				SWIFT_OPTIMIZATION_LEVEL = "-Onone";
			};
			name = Debug;
		};
		308CF17B24754FD100E559D2 /* Release */ = {
			isa = XCBuildConfiguration;
			buildSettings = {
				ALWAYS_SEARCH_USER_PATHS = NO;
				CLANG_ANALYZER_NONNULL = YES;
				CLANG_ANALYZER_NUMBER_OBJECT_CONVERSION = YES_AGGRESSIVE;
				CLANG_CXX_LANGUAGE_STANDARD = "gnu++14";
				CLANG_CXX_LIBRARY = "libc++";
				CLANG_ENABLE_MODULES = YES;
				CLANG_ENABLE_OBJC_ARC = YES;
				CLANG_ENABLE_OBJC_WEAK = YES;
				CLANG_WARN_BLOCK_CAPTURE_AUTORELEASING = YES;
				CLANG_WARN_BOOL_CONVERSION = YES;
				CLANG_WARN_COMMA = YES;
				CLANG_WARN_CONSTANT_CONVERSION = YES;
				CLANG_WARN_DEPRECATED_OBJC_IMPLEMENTATIONS = YES;
				CLANG_WARN_DIRECT_OBJC_ISA_USAGE = YES_ERROR;
				CLANG_WARN_DOCUMENTATION_COMMENTS = YES;
				CLANG_WARN_EMPTY_BODY = YES;
				CLANG_WARN_ENUM_CONVERSION = YES;
				CLANG_WARN_INFINITE_RECURSION = YES;
				CLANG_WARN_INT_CONVERSION = YES;
				CLANG_WARN_NON_LITERAL_NULL_CONVERSION = YES;
				CLANG_WARN_OBJC_IMPLICIT_RETAIN_SELF = YES;
				CLANG_WARN_OBJC_LITERAL_CONVERSION = YES;
				CLANG_WARN_OBJC_ROOT_CLASS = YES_ERROR;
				CLANG_WARN_RANGE_LOOP_ANALYSIS = YES;
				CLANG_WARN_STRICT_PROTOTYPES = YES;
				CLANG_WARN_SUSPICIOUS_MOVE = YES;
				CLANG_WARN_UNGUARDED_AVAILABILITY = YES_AGGRESSIVE;
				CLANG_WARN_UNREACHABLE_CODE = YES;
				CLANG_WARN__DUPLICATE_METHOD_MATCH = YES;
				COPY_PHASE_STRIP = NO;
				DEBUG_INFORMATION_FORMAT = "dwarf-with-dsym";
				ENABLE_NS_ASSERTIONS = NO;
				ENABLE_STRICT_OBJC_MSGSEND = YES;
				GCC_C_LANGUAGE_STANDARD = gnu11;
				GCC_NO_COMMON_BLOCKS = YES;
				GCC_WARN_64_TO_32_BIT_CONVERSION = YES;
				GCC_WARN_ABOUT_RETURN_TYPE = YES_ERROR;
				GCC_WARN_UNDECLARED_SELECTOR = YES;
				GCC_WARN_UNINITIALIZED_AUTOS = YES_AGGRESSIVE;
				GCC_WARN_UNUSED_FUNCTION = YES;
				GCC_WARN_UNUSED_VARIABLE = YES;
				IPHONEOS_DEPLOYMENT_TARGET = 13.4;
				MTL_ENABLE_DEBUG_INFO = NO;
				MTL_FAST_MATH = YES;
				SDKROOT = iphoneos;
				SWIFT_COMPILATION_MODE = wholemodule;
				SWIFT_OPTIMIZATION_LEVEL = "-O";
				VALIDATE_PRODUCT = YES;
			};
			name = Release;
		};
		308CF17D24754FD100E559D2 /* Debug */ = {
			isa = XCBuildConfiguration;
			baseConfigurationReference = 5375051E63ED398919301FFA /* Pods-BnetN.debug.xcconfig */;
			buildSettings = {
				ASSETCATALOG_COMPILER_APPICON_NAME = AppIcon;
				CODE_SIGN_STYLE = Automatic;
				DEVELOPMENT_TEAM = 7CQ436Z988;
				INFOPLIST_FILE = BnetN/Info.plist;
				LD_RUNPATH_SEARCH_PATHS = (
					"$(inherited)",
					"@executable_path/Frameworks",
				);
				PRODUCT_BUNDLE_IDENTIFIER = roman.BnetN;
				PRODUCT_NAME = "$(TARGET_NAME)";
				SWIFT_VERSION = 5.0;
				TARGETED_DEVICE_FAMILY = "1,2";
			};
			name = Debug;
		};
		308CF17E24754FD100E559D2 /* Release */ = {
			isa = XCBuildConfiguration;
			baseConfigurationReference = 357E360E2BF2294744B98185 /* Pods-BnetN.release.xcconfig */;
			buildSettings = {
				ASSETCATALOG_COMPILER_APPICON_NAME = AppIcon;
				CODE_SIGN_STYLE = Automatic;
				DEVELOPMENT_TEAM = 7CQ436Z988;
				INFOPLIST_FILE = BnetN/Info.plist;
				LD_RUNPATH_SEARCH_PATHS = (
					"$(inherited)",
					"@executable_path/Frameworks",
				);
				PRODUCT_BUNDLE_IDENTIFIER = roman.BnetN;
				PRODUCT_NAME = "$(TARGET_NAME)";
				SWIFT_VERSION = 5.0;
				TARGETED_DEVICE_FAMILY = "1,2";
			};
			name = Release;
		};
/* End XCBuildConfiguration section */

/* Begin XCConfigurationList section */
		308CF16324754FD000E559D2 /* Build configuration list for PBXProject "BnetN" */ = {
			isa = XCConfigurationList;
			buildConfigurations = (
				308CF17A24754FD100E559D2 /* Debug */,
				308CF17B24754FD100E559D2 /* Release */,
			);
			defaultConfigurationIsVisible = 0;
			defaultConfigurationName = Release;
		};
		308CF17C24754FD100E559D2 /* Build configuration list for PBXNativeTarget "BnetN" */ = {
			isa = XCConfigurationList;
			buildConfigurations = (
				308CF17D24754FD100E559D2 /* Debug */,
				308CF17E24754FD100E559D2 /* Release */,
			);
			defaultConfigurationIsVisible = 0;
			defaultConfigurationName = Release;
		};
/* End XCConfigurationList section */
	};
	rootObject = 308CF16024754FD000E559D2 /* Project object */;
}
